
Microsoft Visual Studio Solution File, Format Version 12.00
# Visual Studio 15
VisualStudioVersion = 15.0.28307.271
MinimumVisualStudioVersion = 10.0.40219.1
Project("{9A19103F-16F7-4668-BE54-9A1E7A4F7556}") = "University.Api", "University.Api\University.Api.csproj", "{3B5C022F-962B-473B-987C-A8B46CAD77DB}"
EndProject
Project("{9A19103F-16F7-4668-BE54-9A1E7A4F7556}") = "University.BusinessLayer", "University.BusinessLayer\University.BusinessLayer.csproj", "{9987AD10-9C6B-4B6A-8FE2-1E11FFA8BA61}"
EndProject
Project("{9A19103F-16F7-4668-BE54-9A1E7A4F7556}") = "University.DataLayer", "University.DataLayer\University.DataLayer.csproj", "{4C6FB904-8719-4173-8F7C-B710B4641E42}"
EndProject
Project("{9A19103F-16F7-4668-BE54-9A1E7A4F7556}") = "University.ServiceLayer", "University.ServiceLayer\University.ServiceLayer.csproj", "{59250815-7A90-4652-BF15-3DDB48CBBA7D}"
EndProject
Project("{9A19103F-16F7-4668-BE54-9A1E7A4F7556}") = "University.ViewModels", "University.ViewModels\University.ViewModels.csproj", "{D5AB3C72-FD84-48A4-BC42-8F672094EF76}"
EndProject
Project("{FAE04EC0-301F-11D3-BF4B-00C04F79EFBC}") = "University.Tests", "University.Tests\University.Tests.csproj", "{3B75B5B8-531B-456C-97AF-5BAFCBAAAAC1}"
EndProject
Global
	GlobalSection(SolutionConfigurationPlatforms) = preSolution
		Debug|Any CPU = Debug|Any CPU
		Release|Any CPU = Release|Any CPU
	EndGlobalSection
	GlobalSection(ProjectConfigurationPlatforms) = postSolution
		{3B5C022F-962B-473B-987C-A8B46CAD77DB}.Debug|Any CPU.ActiveCfg = Debug|Any CPU
		{3B5C022F-962B-473B-987C-A8B46CAD77DB}.Debug|Any CPU.Build.0 = Debug|Any CPU
		{3B5C022F-962B-473B-987C-A8B46CAD77DB}.Release|Any CPU.ActiveCfg = Release|Any CPU
		{3B5C022F-962B-473B-987C-A8B46CAD77DB}.Release|Any CPU.Build.0 = Release|Any CPU
		{9987AD10-9C6B-4B6A-8FE2-1E11FFA8BA61}.Debug|Any CPU.ActiveCfg = Debug|Any CPU
		{9987AD10-9C6B-4B6A-8FE2-1E11FFA8BA61}.Debug|Any CPU.Build.0 = Debug|Any CPU
		{9987AD10-9C6B-4B6A-8FE2-1E11FFA8BA61}.Release|Any CPU.ActiveCfg = Release|Any CPU
		{9987AD10-9C6B-4B6A-8FE2-1E11FFA8BA61}.Release|Any CPU.Build.0 = Release|Any CPU
		{4C6FB904-8719-4173-8F7C-B710B4641E42}.Debug|Any CPU.ActiveCfg = Debug|Any CPU
		{4C6FB904-8719-4173-8F7C-B710B4641E42}.Debug|Any CPU.Build.0 = Debug|Any CPU
		{4C6FB904-8719-4173-8F7C-B710B4641E42}.Release|Any CPU.ActiveCfg = Release|Any CPU
		{4C6FB904-8719-4173-8F7C-B710B4641E42}.Release|Any CPU.Build.0 = Release|Any CPU
		{59250815-7A90-4652-BF15-3DDB48CBBA7D}.Debug|Any CPU.ActiveCfg = Debug|Any CPU
		{59250815-7A90-4652-BF15-3DDB48CBBA7D}.Debug|Any CPU.Build.0 = Debug|Any CPU
		{59250815-7A90-4652-BF15-3DDB48CBBA7D}.Release|Any CPU.ActiveCfg = Release|Any CPU
		{59250815-7A90-4652-BF15-3DDB48CBBA7D}.Release|Any CPU.Build.0 = Release|Any CPU
		{D5AB3C72-FD84-48A4-BC42-8F672094EF76}.Debug|Any CPU.ActiveCfg = Debug|Any CPU
		{D5AB3C72-FD84-48A4-BC42-8F672094EF76}.Debug|Any CPU.Build.0 = Debug|Any CPU
		{D5AB3C72-FD84-48A4-BC42-8F672094EF76}.Release|Any CPU.ActiveCfg = Release|Any CPU
		{D5AB3C72-FD84-48A4-BC42-8F672094EF76}.Release|Any CPU.Build.0 = Release|Any CPU
		{3B75B5B8-531B-456C-97AF-5BAFCBAAAAC1}.Debug|Any CPU.ActiveCfg = Debug|Any CPU
		{3B75B5B8-531B-456C-97AF-5BAFCBAAAAC1}.Debug|Any CPU.Build.0 = Debug|Any CPU
		{3B75B5B8-531B-456C-97AF-5BAFCBAAAAC1}.Release|Any CPU.ActiveCfg = Release|Any CPU
		{3B75B5B8-531B-456C-97AF-5BAFCBAAAAC1}.Release|Any CPU.Build.0 = Release|Any CPU
	EndGlobalSection
	GlobalSection(SolutionProperties) = preSolution
		HideSolutionNode = FALSE
	EndGlobalSection
	GlobalSection(ExtensibilityGlobals) = postSolution
		SolutionGuid = {6C11D5CC-8617-41DC-8EED-BCE6709DC9B7}
	EndGlobalSection
EndGlobal
